
Microsoft Visual Studio Solution File, Format Version 12.00
# Visual Studio 15
VisualStudioVersion = 15.0.27703.2042
MinimumVisualStudioVersion = 10.0.40219.1
Project("{FAE04EC0-301F-11D3-BF4B-00C04F79EFBC}") = "WpfApp11", "WpfApp11\WpfApp11.csproj", "{CF0037B9-86C4-4790-B576-73552B78BE5E}"
EndProject
Global
	GlobalSection(SolutionConfigurationPlatforms) = preSolution
		Debug|Any CPU = Debug|Any CPU
		Release|Any CPU = Release|Any CPU
	EndGlobalSection
	GlobalSection(ProjectConfigurationPlatforms) = postSolution
		{CF0037B9-86C4-4790-B576-73552B78BE5E}.Debug|Any CPU.ActiveCfg = Debug|Any CPU
		{CF0037B9-86C4-4790-B576-73552B78BE5E}.Debug|Any CPU.Build.0 = Debug|Any CPU
		{CF0037B9-86C4-4790-B576-73552B78BE5E}.Release|Any CPU.ActiveCfg = Release|Any CPU
		{CF0037B9-86C4-4790-B576-73552B78BE5E}.Release|Any CPU.Build.0 = Release|Any CPU
	EndGlobalSection
	GlobalSection(SolutionProperties) = preSolution
		HideSolutionNode = FALSE
	EndGlobalSection
	GlobalSection(ExtensibilityGlobals) = postSolution
		SolutionGuid = {C4370C53-31D9-45EC-A4DF-CC160B5DDB8D}
	EndGlobalSection
EndGlobal
